
Microsoft Visual Studio Solution File, Format Version 12.00
# Visual Studio 15
VisualStudioVersion = 15.0.28010.2041
MinimumVisualStudioVersion = 10.0.40219.1
Project("{FAE04EC0-301F-11D3-BF4B-00C04F79EFBC}") = "SC_Imperia", "SC_Imperia\SC_Imperia.csproj", "{DB9567E5-EC66-4A4E-913D-876B7A898E47}"
EndProject
Global
	GlobalSection(SolutionConfigurationPlatforms) = preSolution
		Debug|Any CPU = Debug|Any CPU
		Release|Any CPU = Release|Any CPU
	EndGlobalSection
	GlobalSection(ProjectConfigurationPlatforms) = postSolution
		{DB9567E5-EC66-4A4E-913D-876B7A898E47}.Debug|Any CPU.ActiveCfg = Debug|Any CPU
		{DB9567E5-EC66-4A4E-913D-876B7A898E47}.Debug|Any CPU.Build.0 = Debug|Any CPU
		{DB9567E5-EC66-4A4E-913D-876B7A898E47}.Release|Any CPU.ActiveCfg = Release|Any CPU
		{DB9567E5-EC66-4A4E-913D-876B7A898E47}.Release|Any CPU.Build.0 = Release|Any CPU
	EndGlobalSection
	GlobalSection(SolutionProperties) = preSolution
		HideSolutionNode = FALSE
	EndGlobalSection
	GlobalSection(ExtensibilityGlobals) = postSolution
		SolutionGuid = {A706AA8E-8FEE-4D27-A1F2-44526CD1D6B8}
	EndGlobalSection
EndGlobal
